// !$*UTF8*$!
{
	archiveVersion = 1;
	classes = {
	};
	objectVersion = 52;
	objects = {

/* Begin PBXBuildFile section */
		D60528DE25D786EB00133158 /* PhotoViewerApp.swift in Sources */ = {isa = PBXBuildFile; fileRef = D60528CB25D786E900133158 /* PhotoViewerApp.swift */; };
		D60528DF25D786EB00133158 /* PhotoViewerApp.swift in Sources */ = {isa = PBXBuildFile; fileRef = D60528CB25D786E900133158 /* PhotoViewerApp.swift */; };
		D60528E025D786EB00133158 /* ContentView.swift in Sources */ = {isa = PBXBuildFile; fileRef = D60528CC25D786E900133158 /* ContentView.swift */; };
		D60528E125D786EB00133158 /* ContentView.swift in Sources */ = {isa = PBXBuildFile; fileRef = D60528CC25D786E900133158 /* ContentView.swift */; };
		D60528E225D786EB00133158 /* Assets.xcassets in Resources */ = {isa = PBXBuildFile; fileRef = D60528CD25D786EB00133158 /* Assets.xcassets */; };
		D60528E325D786EB00133158 /* Assets.xcassets in Resources */ = {isa = PBXBuildFile; fileRef = D60528CD25D786EB00133158 /* Assets.xcassets */; };
		D60528EF25D7872900133158 /* Model.swift in Sources */ = {isa = PBXBuildFile; fileRef = D60528EE25D7872900133158 /* Model.swift */; };
		D60528F025D7872900133158 /* Model.swift in Sources */ = {isa = PBXBuildFile; fileRef = D60528EE25D7872900133158 /* Model.swift */; };
		D60528F525D795E500133158 /* SDWebImageSwiftUI in Frameworks */ = {isa = PBXBuildFile; productRef = D60528F425D795E500133158 /* SDWebImageSwiftUI */; };
		D60528F925D7989400133158 /* ImageGridView.swift in Sources */ = {isa = PBXBuildFile; fileRef = D60528F825D7989400133158 /* ImageGridView.swift */; };
		D60528FA25D7989400133158 /* ImageGridView.swift in Sources */ = {isa = PBXBuildFile; fileRef = D60528F825D7989400133158 /* ImageGridView.swift */; };
		D60528FE25D79C3500133158 /* AppTabNavigation.swift in Sources */ = {isa = PBXBuildFile; fileRef = D60528FD25D79C3500133158 /* AppTabNavigation.swift */; };
		D605290225D79E4700133158 /* Navigation.swift in Sources */ = {isa = PBXBuildFile; fileRef = D605290125D79E4700133158 /* Navigation.swift */; };
		D605290325D79E4700133158 /* Navigation.swift in Sources */ = {isa = PBXBuildFile; fileRef = D605290125D79E4700133158 /* Navigation.swift */; };
		D605290725D7A40100133158 /* AppSideBarNavigation.swift in Sources */ = {isa = PBXBuildFile; fileRef = D605290625D7A40100133158 /* AppSideBarNavigation.swift */; };
		D605290825D7A40100133158 /* AppSideBarNavigation.swift in Sources */ = {isa = PBXBuildFile; fileRef = D605290625D7A40100133158 /* AppSideBarNavigation.swift */; };
/* End PBXBuildFile section */

/* Begin PBXFileReference section */
		D60528CB25D786E900133158 /* PhotoViewerApp.swift */ = {isa = PBXFileReference; lastKnownFileType = sourcecode.swift; path = PhotoViewerApp.swift; sourceTree = "<group>"; };
		D60528CC25D786E900133158 /* ContentView.swift */ = {isa = PBXFileReference; lastKnownFileType = sourcecode.swift; path = ContentView.swift; sourceTree = "<group>"; };
		D60528CD25D786EB00133158 /* Assets.xcassets */ = {isa = PBXFileReference; lastKnownFileType = folder.assetcatalog; path = Assets.xcassets; sourceTree = "<group>"; };
		D60528D225D786EB00133158 /* PhotoViewer.app */ = {isa = PBXFileReference; explicitFileType = wrapper.application; includeInIndex = 0; path = PhotoViewer.app; sourceTree = BUILT_PRODUCTS_DIR; };
		D60528D525D786EB00133158 /* Info.plist */ = {isa = PBXFileReference; lastKnownFileType = text.plist.xml; path = Info.plist; sourceTree = "<group>"; };
		D60528DA25D786EB00133158 /* PhotoViewer.app */ = {isa = PBXFileReference; explicitFileType = wrapper.application; includeInIndex = 0; path = PhotoViewer.app; sourceTree = BUILT_PRODUCTS_DIR; };
		D60528DC25D786EB00133158 /* Info.plist */ = {isa = PBXFileReference; lastKnownFileType = text.plist.xml; path = Info.plist; sourceTree = "<group>"; };
		D60528DD25D786EB00133158 /* macOS.entitlements */ = {isa = PBXFileReference; lastKnownFileType = text.plist.entitlements; path = macOS.entitlements; sourceTree = "<group>"; };
		D60528EE25D7872900133158 /* Model.swift */ = {isa = PBXFileReference; lastKnownFileType = sourcecode.swift; path = Model.swift; sourceTree = "<group>"; };
		D60528F825D7989400133158 /* ImageGridView.swift */ = {isa = PBXFileReference; lastKnownFileType = sourcecode.swift; path = ImageGridView.swift; sourceTree = "<group>"; };
		D60528FD25D79C3500133158 /* AppTabNavigation.swift */ = {isa = PBXFileReference; lastKnownFileType = sourcecode.swift; path = AppTabNavigation.swift; sourceTree = "<group>"; };
		D605290125D79E4700133158 /* Navigation.swift */ = {isa = PBXFileReference; lastKnownFileType = sourcecode.swift; path = Navigation.swift; sourceTree = "<group>"; };
		D605290625D7A40100133158 /* AppSideBarNavigation.swift */ = {isa = PBXFileReference; lastKnownFileType = sourcecode.swift; path = AppSideBarNavigation.swift; sourceTree = "<group>"; };
/* End PBXFileReference section */

/* Begin PBXFrameworksBuildPhase section */
		D60528CF25D786EB00133158 /* Frameworks */ = {
			isa = PBXFrameworksBuildPhase;
			buildActionMask = 2147483647;
			files = (
				D60528F525D795E500133158 /* SDWebImageSwiftUI in Frameworks */,
			);
			runOnlyForDeploymentPostprocessing = 0;
		};
		D60528D725D786EB00133158 /* Frameworks */ = {
			isa = PBXFrameworksBuildPhase;
			buildActionMask = 2147483647;
			files = (
			);
			runOnlyForDeploymentPostprocessing = 0;
		};
/* End PBXFrameworksBuildPhase section */

/* Begin PBXGroup section */
		D60528C525D786E800133158 = {
			isa = PBXGroup;
			children = (
				D60528CA25D786E900133158 /* Shared */,
				D60528D425D786EB00133158 /* iOS */,
				D60528DB25D786EB00133158 /* macOS */,
				D60528D325D786EB00133158 /* Products */,
			);
			sourceTree = "<group>";
		};
		D60528CA25D786E900133158 /* Shared */ = {
			isa = PBXGroup;
			children = (
				D60528CB25D786E900133158 /* PhotoViewerApp.swift */,
				D605290125D79E4700133158 /* Navigation.swift */,
				D60528EE25D7872900133158 /* Model.swift */,
				D60528CC25D786E900133158 /* ContentView.swift */,
				D60528F825D7989400133158 /* ImageGridView.swift */,
				D605290625D7A40100133158 /* AppSideBarNavigation.swift */,
				D60528CD25D786EB00133158 /* Assets.xcassets */,
			);
			path = Shared;
			sourceTree = "<group>";
		};
		D60528D325D786EB00133158 /* Products */ = {
			isa = PBXGroup;
			children = (
				D60528D225D786EB00133158 /* PhotoViewer.app */,
				D60528DA25D786EB00133158 /* PhotoViewer.app */,
			);
			name = Products;
			sourceTree = "<group>";
		};
		D60528D425D786EB00133158 /* iOS */ = {
			isa = PBXGroup;
			children = (
				D60528D525D786EB00133158 /* Info.plist */,
				D60528FD25D79C3500133158 /* AppTabNavigation.swift */,
			);
			path = iOS;
			sourceTree = "<group>";
		};
		D60528DB25D786EB00133158 /* macOS */ = {
			isa = PBXGroup;
			children = (
				D60528DC25D786EB00133158 /* Info.plist */,
				D60528DD25D786EB00133158 /* macOS.entitlements */,
			);
			path = macOS;
			sourceTree = "<group>";
		};
/* End PBXGroup section */

/* Begin PBXNativeTarget section */
		D60528D125D786EB00133158 /* PhotoViewer (iOS) */ = {
			isa = PBXNativeTarget;
			buildConfigurationList = D60528E625D786EB00133158 /* Build configuration list for PBXNativeTarget "PhotoViewer (iOS)" */;
			buildPhases = (
				D60528CE25D786EB00133158 /* Sources */,
				D60528CF25D786EB00133158 /* Frameworks */,
				D60528D025D786EB00133158 /* Resources */,
			);
			buildRules = (
			);
			dependencies = (
			);
			name = "PhotoViewer (iOS)";
			packageProductDependencies = (
				D60528F425D795E500133158 /* SDWebImageSwiftUI */,
			);
			productName = "PhotoViewer (iOS)";
			productReference = D60528D225D786EB00133158 /* PhotoViewer.app */;
			productType = "com.apple.product-type.application";
		};
		D60528D925D786EB00133158 /* PhotoViewer (macOS) */ = {
			isa = PBXNativeTarget;
			buildConfigurationList = D60528E925D786EB00133158 /* Build configuration list for PBXNativeTarget "PhotoViewer (macOS)" */;
			buildPhases = (
				D60528D625D786EB00133158 /* Sources */,
				D60528D725D786EB00133158 /* Frameworks */,
				D60528D825D786EB00133158 /* Resources */,
			);
			buildRules = (
			);
			dependencies = (
			);
			name = "PhotoViewer (macOS)";
			productName = "PhotoViewer (macOS)";
			productReference = D60528DA25D786EB00133158 /* PhotoViewer.app */;
			productType = "com.apple.product-type.application";
		};
/* End PBXNativeTarget section */

/* Begin PBXProject section */
		D60528C625D786E800133158 /* Project object */ = {
			isa = PBXProject;
			attributes = {
				LastSwiftUpdateCheck = 1240;
				LastUpgradeCheck = 1240;
				TargetAttributes = {
					D60528D125D786EB00133158 = {
						CreatedOnToolsVersion = 12.4;
					};
					D60528D925D786EB00133158 = {
						CreatedOnToolsVersion = 12.4;
					};
				};
			};
			buildConfigurationList = D60528C925D786E800133158 /* Build configuration list for PBXProject "PhotoViewer" */;
			compatibilityVersion = "Xcode 9.3";
			developmentRegion = en;
			hasScannedForEncodings = 0;
			knownRegions = (
				en,
				Base,
			);
			mainGroup = D60528C525D786E800133158;
			packageReferences = (
				D60528F325D795E500133158 /* XCRemoteSwiftPackageReference "SDWebImageSwiftUI" */,
			);
			productRefGroup = D60528D325D786EB00133158 /* Products */;
			projectDirPath = "";
			projectRoot = "";
			targets = (
				D60528D125D786EB00133158 /* PhotoViewer (iOS) */,
				D60528D925D786EB00133158 /* PhotoViewer (macOS) */,
			);
		};
/* End PBXProject section */

/* Begin PBXResourcesBuildPhase section */
		D60528D025D786EB00133158 /* Resources */ = {
			isa = PBXResourcesBuildPhase;
			buildActionMask = 2147483647;
			files = (
				D60528E225D786EB00133158 /* Assets.xcassets in Resources */,
			);
			runOnlyForDeploymentPostprocessing = 0;
		};
		D60528D825D786EB00133158 /* Resources */ = {
			isa = PBXResourcesBuildPhase;
			buildActionMask = 2147483647;
			files = (
				D60528E325D786EB00133158 /* Assets.xcassets in Resources */,
			);
			runOnlyForDeploymentPostprocessing = 0;
		};
/* End PBXResourcesBuildPhase section */

/* Begin PBXSourcesBuildPhase section */
		D60528CE25D786EB00133158 /* Sources */ = {
			isa = PBXSourcesBuildPhase;
			buildActionMask = 2147483647;
			files = (
				D60528EF25D7872900133158 /* Model.swift in Sources */,
				D605290725D7A40100133158 /* AppSideBarNavigation.swift in Sources */,
				D60528E025D786EB00133158 /* ContentView.swift in Sources */,
				D60528F925D7989400133158 /* ImageGridView.swift in Sources */,
				D605290225D79E4700133158 /* Navigation.swift in Sources */,
				D60528DE25D786EB00133158 /* PhotoViewerApp.swift in Sources */,
				D60528FE25D79C3500133158 /* AppTabNavigation.swift in Sources */,
			);
			runOnlyForDeploymentPostprocessing = 0;
		};
		D60528D625D786EB00133158 /* Sources */ = {
			isa = PBXSourcesBuildPhase;
			buildActionMask = 2147483647;
			files = (
				D60528F025D7872900133158 /* Model.swift in Sources */,
				D60528E125D786EB00133158 /* ContentView.swift in Sources */,
				D605290325D79E4700133158 /* Navigation.swift in Sources */,
				D60528FA25D7989400133158 /* ImageGridView.swift in Sources */,
				D605290825D7A40100133158 /* AppSideBarNavigation.swift in Sources */,
				D60528DF25D786EB00133158 /* PhotoViewerApp.swift in Sources */,
			);
			runOnlyForDeploymentPostprocessing = 0;
		};
/* End PBXSourcesBuildPhase section */

/* Begin XCBuildConfiguration section */
		D60528E425D786EB00133158 /* Debug */ = {
			isa = XCBuildConfiguration;
			buildSettings = {
				ALWAYS_SEARCH_USER_PATHS = NO;
				CLANG_ANALYZER_NONNULL = YES;
				CLANG_ANALYZER_NUMBER_OBJECT_CONVERSION = YES_AGGRESSIVE;
				CLANG_CXX_LANGUAGE_STANDARD = "gnu++14";
				CLANG_CXX_LIBRARY = "libc++";
				CLANG_ENABLE_MODULES = YES;
				CLANG_ENABLE_OBJC_ARC = YES;
				CLANG_ENABLE_OBJC_WEAK = YES;
				CLANG_WARN_BLOCK_CAPTURE_AUTORELEASING = YES;
				CLANG_WARN_BOOL_CONVERSION = YES;
				CLANG_WARN_COMMA = YES;
				CLANG_WARN_CONSTANT_CONVERSION = YES;
				CLANG_WARN_DEPRECATED_OBJC_IMPLEMENTATIONS = YES;
				CLANG_WARN_DIRECT_OBJC_ISA_USAGE = YES_ERROR;
				CLANG_WARN_DOCUMENTATION_COMMENTS = YES;
				CLANG_WARN_EMPTY_BODY = YES;
				CLANG_WARN_ENUM_CONVERSION = YES;
				CLANG_WARN_INFINITE_RECURSION = YES;
				CLANG_WARN_INT_CONVERSION = YES;
				CLANG_WARN_NON_LITERAL_NULL_CONVERSION = YES;
				CLANG_WARN_OBJC_IMPLICIT_RETAIN_SELF = YES;
				CLANG_WARN_OBJC_LITERAL_CONVERSION = YES;
				CLANG_WARN_OBJC_ROOT_CLASS = YES_ERROR;
				CLANG_WARN_QUOTED_INCLUDE_IN_FRAMEWORK_HEADER = YES;
				CLANG_WARN_RANGE_LOOP_ANALYSIS = YES;
				CLANG_WARN_STRICT_PROTOTYPES = YES;
				CLANG_WARN_SUSPICIOUS_MOVE = YES;
				CLANG_WARN_UNGUARDED_AVAILABILITY = YES_AGGRESSIVE;
				CLANG_WARN_UNREACHABLE_CODE = YES;
				CLANG_WARN__DUPLICATE_METHOD_MATCH = YES;
				COPY_PHASE_STRIP = NO;
				DEBUG_INFORMATION_FORMAT = dwarf;
				ENABLE_STRICT_OBJC_MSGSEND = YES;
				ENABLE_TESTABILITY = YES;
				GCC_C_LANGUAGE_STANDARD = gnu11;
				GCC_DYNAMIC_NO_PIC = NO;
				GCC_NO_COMMON_BLOCKS = YES;
				GCC_OPTIMIZATION_LEVEL = 0;
				GCC_PREPROCESSOR_DEFINITIONS = (
					"DEBUG=1",
					"$(inherited)",
				);
				GCC_WARN_64_TO_32_BIT_CONVERSION = YES;
				GCC_WARN_ABOUT_RETURN_TYPE = YES_ERROR;
				GCC_WARN_UNDECLARED_SELECTOR = YES;
				GCC_WARN_UNINITIALIZED_AUTOS = YES_AGGRESSIVE;
				GCC_WARN_UNUSED_FUNCTION = YES;
				GCC_WARN_UNUSED_VARIABLE = YES;
				MTL_ENABLE_DEBUG_INFO = INCLUDE_SOURCE;
				MTL_FAST_MATH = YES;
				ONLY_ACTIVE_ARCH = YES;
				SWIFT_ACTIVE_COMPILATION_CONDITIONS = DEBUG;
				SWIFT_OPTIMIZATION_LEVEL = "-Onone";
			};
			name = Debug;
		};
		D60528E525D786EB00133158 /* Release */ = {
			isa = XCBuildConfiguration;
			buildSettings = {
				ALWAYS_SEARCH_USER_PATHS = NO;
				CLANG_ANALYZER_NONNULL = YES;
				CLANG_ANALYZER_NUMBER_OBJECT_CONVERSION = YES_AGGRESSIVE;
				CLANG_CXX_LANGUAGE_STANDARD = "gnu++14";
				CLANG_CXX_LIBRARY = "libc++";
				CLANG_ENABLE_MODULES = YES;
				CLANG_ENABLE_OBJC_ARC = YES;
				CLANG_ENABLE_OBJC_WEAK = YES;
				CLANG_WARN_BLOCK_CAPTURE_AUTORELEASING = YES;
				CLANG_WARN_BOOL_CONVERSION = YES;
				CLANG_WARN_COMMA = YES;
				CLANG_WARN_CONSTANT_CONVERSION = YES;
				CLANG_WARN_DEPRECATED_OBJC_IMPLEMENTATIONS = YES;
				CLANG_WARN_DIRECT_OBJC_ISA_USAGE = YES_ERROR;
				CLANG_WARN_DOCUMENTATION_COMMENTS = YES;
				CLANG_WARN_EMPTY_BODY = YES;
				CLANG_WARN_ENUM_CONVERSION = YES;
				CLANG_WARN_INFINITE_RECURSION = YES;
				CLANG_WARN_INT_CONVERSION = YES;
				CLANG_WARN_NON_LITERAL_NULL_CONVERSION = YES;
				CLANG_WARN_OBJC_IMPLICIT_RETAIN_SELF = YES;
				CLANG_WARN_OBJC_LITERAL_CONVERSION = YES;
				CLANG_WARN_OBJC_ROOT_CLASS = YES_ERROR;
				CLANG_WARN_QUOTED_INCLUDE_IN_FRAMEWORK_HEADER = YES;
				CLANG_WARN_RANGE_LOOP_ANALYSIS = YES;
				CLANG_WARN_STRICT_PROTOTYPES = YES;
				CLANG_WARN_SUSPICIOUS_MOVE = YES;
				CLANG_WARN_UNGUARDED_AVAILABILITY = YES_AGGRESSIVE;
				CLANG_WARN_UNREACHABLE_CODE = YES;
				CLANG_WARN__DUPLICATE_METHOD_MATCH = YES;
				COPY_PHASE_STRIP = NO;
				DEBUG_INFORMATION_FORMAT = "dwarf-with-dsym";
				ENABLE_NS_ASSERTIONS = NO;
				ENABLE_STRICT_OBJC_MSGSEND = YES;
				GCC_C_LANGUAGE_STANDARD = gnu11;
				GCC_NO_COMMON_BLOCKS = YES;
				GCC_WARN_64_TO_32_BIT_CONVERSION = YES;
				GCC_WARN_ABOUT_RETURN_TYPE = YES_ERROR;
				GCC_WARN_UNDECLARED_SELECTOR = YES;
				GCC_WARN_UNINITIALIZED_AUTOS = YES_AGGRESSIVE;
				GCC_WARN_UNUSED_FUNCTION = YES;
				GCC_WARN_UNUSED_VARIABLE = YES;
				MTL_ENABLE_DEBUG_INFO = NO;
				MTL_FAST_MATH = YES;
				SWIFT_COMPILATION_MODE = wholemodule;
				SWIFT_OPTIMIZATION_LEVEL = "-O";
			};
			name = Release;
		};
		D60528E725D786EB00133158 /* Debug */ = {
			isa = XCBuildConfiguration;
			buildSettings = {
				ASSETCATALOG_COMPILER_APPICON_NAME = AppIcon;
				ASSETCATALOG_COMPILER_GLOBAL_ACCENT_COLOR_NAME = AccentColor;
				CODE_SIGN_STYLE = Automatic;
				ENABLE_PREVIEWS = YES;
				INFOPLIST_FILE = iOS/Info.plist;
				IPHONEOS_DEPLOYMENT_TARGET = 14.0;
				LD_RUNPATH_SEARCH_PATHS = (
					"$(inherited)",
					"@executable_path/Frameworks",
				);
				PRODUCT_BUNDLE_IDENTIFIER = codepath.PhotoViewer;
				PRODUCT_NAME = PhotoViewer;
				SDKROOT = iphoneos;
				SWIFT_VERSION = 5.0;
				TARGETED_DEVICE_FAMILY = "1,2";
			};
			name = Debug;
		};
		D60528E825D786EB00133158 /* Release */ = {
			isa = XCBuildConfiguration;
			buildSettings = {
				ASSETCATALOG_COMPILER_APPICON_NAME = AppIcon;
				ASSETCATALOG_COMPILER_GLOBAL_ACCENT_COLOR_NAME = AccentColor;
				CODE_SIGN_STYLE = Automatic;
				ENABLE_PREVIEWS = YES;
				INFOPLIST_FILE = iOS/Info.plist;
				IPHONEOS_DEPLOYMENT_TARGET = 14.0;
				LD_RUNPATH_SEARCH_PATHS = (
					"$(inherited)",
					"@executable_path/Frameworks",
				);
				PRODUCT_BUNDLE_IDENTIFIER = codepath.PhotoViewer;
				PRODUCT_NAME = PhotoViewer;
				SDKROOT = iphoneos;
				SWIFT_VERSION = 5.0;
				TARGETED_DEVICE_FAMILY = "1,2";
				VALIDATE_PRODUCT = YES;
			};
			name = Release;
		};
		D60528EA25D786EB00133158 /* Debug */ = {
			isa = XCBuildConfiguration;
			buildSettings = {
				ASSETCATALOG_COMPILER_APPICON_NAME = AppIcon;
				ASSETCATALOG_COMPILER_GLOBAL_ACCENT_COLOR_NAME = AccentColor;
				CODE_SIGN_ENTITLEMENTS = macOS/macOS.entitlements;
				CODE_SIGN_STYLE = Automatic;
				COMBINE_HIDPI_IMAGES = YES;
				ENABLE_PREVIEWS = YES;
				INFOPLIST_FILE = macOS/Info.plist;
				LD_RUNPATH_SEARCH_PATHS = (
					"$(inherited)",
					"@executable_path/../Frameworks",
				);
				MACOSX_DEPLOYMENT_TARGET = 11.0;
				PRODUCT_BUNDLE_IDENTIFIER = codepath.PhotoViewer;
				PRODUCT_NAME = PhotoViewer;
				SDKROOT = macosx;
				SWIFT_VERSION = 5.0;
			};
			name = Debug;
		};
		D60528EB25D786EB00133158 /* Release */ = {
			isa = XCBuildConfiguration;
			buildSettings = {
				ASSETCATALOG_COMPILER_APPICON_NAME = AppIcon;
				ASSETCATALOG_COMPILER_GLOBAL_ACCENT_COLOR_NAME = AccentColor;
				CODE_SIGN_ENTITLEMENTS = macOS/macOS.entitlements;
				CODE_SIGN_STYLE = Automatic;
				COMBINE_HIDPI_IMAGES = YES;
				ENABLE_PREVIEWS = YES;
				INFOPLIST_FILE = macOS/Info.plist;
				LD_RUNPATH_SEARCH_PATHS = (
					"$(inherited)",
					"@executable_path/../Frameworks",
				);
				MACOSX_DEPLOYMENT_TARGET = 11.0;
				PRODUCT_BUNDLE_IDENTIFIER = codepath.PhotoViewer;
				PRODUCT_NAME = PhotoViewer;
				SDKROOT = macosx;
				SWIFT_VERSION = 5.0;
			};
			name = Release;
		};
/* End XCBuildConfiguration section */

/* Begin XCConfigurationList section */
		D60528C925D786E800133158 /* Build configuration list for PBXProject "PhotoViewer" */ = {
			isa = XCConfigurationList;
			buildConfigurations = (
				D60528E425D786EB00133158 /* Debug */,
				D60528E525D786EB00133158 /* Release */,
			);
			defaultConfigurationIsVisible = 0;
			defaultConfigurationName = Release;
		};
		D60528E625D786EB00133158 /* Build configuration list for PBXNativeTarget "PhotoViewer (iOS)" */ = {
			isa = XCConfigurationList;
			buildConfigurations = (
				D60528E725D786EB00133158 /* Debug */,
				D60528E825D786EB00133158 /* Release */,
			);
			defaultConfigurationIsVisible = 0;
			defaultConfigurationName = Release;
		};
		D60528E925D786EB00133158 /* Build configuration list for PBXNativeTarget "PhotoViewer (macOS)" */ = {
			isa = XCConfigurationList;
			buildConfigurations = (
				D60528EA25D786EB00133158 /* Debug */,
				D60528EB25D786EB00133158 /* Release */,
			);
			defaultConfigurationIsVisible = 0;
			defaultConfigurationName = Release;
		};
/* End XCConfigurationList section */

/* Begin XCRemoteSwiftPackageReference section */
		D60528F325D795E500133158 /* XCRemoteSwiftPackageReference "SDWebImageSwiftUI" */ = {
			isa = XCRemoteSwiftPackageReference;
			repositoryURL = "https://github.com/SDWebImage/SDWebImageSwiftUI.git";
			requirement = {
				kind = upToNextMajorVersion;
				minimumVersion = 1.5.0;
			};
		};
/* End XCRemoteSwiftPackageReference section */

/* Begin XCSwiftPackageProductDependency section */
		D60528F425D795E500133158 /* SDWebImageSwiftUI */ = {
			isa = XCSwiftPackageProductDependency;
			package = D60528F325D795E500133158 /* XCRemoteSwiftPackageReference "SDWebImageSwiftUI" */;
			productName = SDWebImageSwiftUI;
		};
/* End XCSwiftPackageProductDependency section */
	};
	rootObject = D60528C625D786E800133158 /* Project object */;
}
